
Microsoft Visual Studio Solution File, Format Version 12.00
# Visual Studio Version 16
VisualStudioVersion = 16.0.29728.190
MinimumVisualStudioVersion = 10.0.40219.1
Project("{FAE04EC0-301F-11D3-BF4B-00C04F79EFBC}") = "SecureApp", "SecureApp\SecureApp.csproj", "{773232DD-1CA6-4454-8EDA-9369932ACF9A}"
EndProject
Global
	GlobalSection(SolutionConfigurationPlatforms) = preSolution
		Debug|Any CPU = Debug|Any CPU
		Release|Any CPU = Release|Any CPU
	EndGlobalSection
	GlobalSection(ProjectConfigurationPlatforms) = postSolution
		{773232DD-1CA6-4454-8EDA-9369932ACF9A}.Debug|Any CPU.ActiveCfg = Debug|Any CPU
		{773232DD-1CA6-4454-8EDA-9369932ACF9A}.Debug|Any CPU.Build.0 = Debug|Any CPU
		{773232DD-1CA6-4454-8EDA-9369932ACF9A}.Release|Any CPU.ActiveCfg = Release|Any CPU
		{773232DD-1CA6-4454-8EDA-9369932ACF9A}.Release|Any CPU.Build.0 = Release|Any CPU
	EndGlobalSection
	GlobalSection(SolutionProperties) = preSolution
		HideSolutionNode = FALSE
	EndGlobalSection
	GlobalSection(ExtensibilityGlobals) = postSolution
		SolutionGuid = {669E6A1D-AB33-48F7-9B31-1F9B05DEC92B}
	EndGlobalSection
EndGlobal
